Microsoft Visual Studio Solution File, Format Version 12.00
# Visual Studio Version 17
VisualStudioVersion = 17.5.2.0
MinimumVisualStudioVersion = 10.0.40219.1
Project("{FAE04EC0-301F-11D3-BF4B-00C04F79EFBC}") = "CinemaTicket", "CinemaTicket.csproj", "{274C8EF8-5602-0B38-A5BD-B537070E2DD1}"
EndProject
// IntegrationTests projects removed to avoid build errors on machines without test project sources.
Global
	GlobalSection(SolutionConfigurationPlatforms) = preSolution
		Debug|Any CPU = Debug|Any CPU
		Release|Any CPU = Release|Any CPU
	EndGlobalSection
	GlobalSection(ProjectConfigurationPlatforms) = postSolution
		{274C8EF8-5602-0B38-A5BD-B537070E2DD1}.Debug|Any CPU.ActiveCfg = Debug|Any CPU
		{274C8EF8-5602-0B38-A5BD-B537070E2DD1}.Debug|Any CPU.Build.0 = Debug|Any CPU
		{274C8EF8-5602-0B38-A5BD-B537070E2DD1}.Release|Any CPU.ActiveCfg = Release|Any CPU
		{274C8EF8-5602-0B38-A5BD-B537070E2DD1}.Release|Any CPU.Build.0 = Release|Any CPU

	EndGlobalSection
	GlobalSection(SolutionProperties) = preSolution
		HideSolutionNode = FALSE
	EndGlobalSection
	GlobalSection(NestedProjects) = preSolution

	EndGlobalSection
	GlobalSection(ExtensibilityGlobals) = postSolution
		SolutionGuid = {1155CF17-9C9B-484C-92A3-31E0B39C7BEC}
	EndGlobalSection
EndGlobal
